
Microsoft Visual Studio Solution File, Format Version 12.00
# Visual Studio Version 17
VisualStudioVersion = 17.4.33213.308
MinimumVisualStudioVersion = 10.0.40219.1
Project("{FAE04EC0-301F-11D3-BF4B-00C04F79EFBC}") = "RPGHeroes", "RPGHeroes\RPGHeroes.csproj", "{F17E7CF9-EAC0-4907-B2B2-C6A14F5257EB}"
EndProject
Global
	GlobalSection(SolutionConfigurationPlatforms) = preSolution
		Debug|Any CPU = Debug|Any CPU
		Release|Any CPU = Release|Any CPU
	EndGlobalSection
	GlobalSection(ProjectConfigurationPlatforms) = postSolution
		{F17E7CF9-EAC0-4907-B2B2-C6A14F5257EB}.Debug|Any CPU.ActiveCfg = Debug|Any CPU
		{F17E7CF9-EAC0-4907-B2B2-C6A14F5257EB}.Debug|Any CPU.Build.0 = Debug|Any CPU
		{F17E7CF9-EAC0-4907-B2B2-C6A14F5257EB}.Release|Any CPU.ActiveCfg = Release|Any CPU
		{F17E7CF9-EAC0-4907-B2B2-C6A14F5257EB}.Release|Any CPU.Build.0 = Release|Any CPU
	EndGlobalSection
	GlobalSection(SolutionProperties) = preSolution
		HideSolutionNode = FALSE
	EndGlobalSection
	GlobalSection(ExtensibilityGlobals) = postSolution
		SolutionGuid = {A817AE92-A482-4388-9C2B-EF3AC1132414}
	EndGlobalSection
EndGlobal
